// !$*UTF8*$!
{
	archiveVersion = 1;
	classes = {
	};
	objectVersion = 46;
	objects = {

/* Begin PBXBuildFile section */
		194E94FA1E49D57800D39C75 /* TableViewCoordinator.m in Sources */ = {isa = PBXBuildFile; fileRef = 194E94F91E49D57800D39C75 /* TableViewCoordinator.m */; };
		194E94FC1E49D89400D39C75 /* TableViewModel.m in Sources */ = {isa = PBXBuildFile; fileRef = 194E94FB1E49D89400D39C75 /* TableViewModel.m */; };
		194E94FE1E49DA4600D39C75 /* ForecastListViewController.m in Sources */ = {isa = PBXBuildFile; fileRef = 194E94FD1E49DA4600D39C75 /* ForecastListViewController.m */; };
		194E95001E49DB1000D39C75 /* NavigationControllerCoordinator.m in Sources */ = {isa = PBXBuildFile; fileRef = 194E94FF1E49DB1000D39C75 /* NavigationControllerCoordinator.m */; };
		194E95031E49E39400D39C75 /* UIColorExtension.m in Sources */ = {isa = PBXBuildFile; fileRef = 194E95021E49E39400D39C75 /* UIColorExtension.m */; };
		194E95081E4A0AF400D39C75 /* FirstWeatherCell.m in Sources */ = {isa = PBXBuildFile; fileRef = 194E95071E4A0AF400D39C75 /* FirstWeatherCell.m */; };
		194E950B1E4A10DB00D39C75 /* WeatherCell.m in Sources */ = {isa = PBXBuildFile; fileRef = 194E950A1E4A10DB00D39C75 /* WeatherCell.m */; };
		19663D011E5382D200489A2A /* DetailListCoordinator.m in Sources */ = {isa = PBXBuildFile; fileRef = 19663D001E5382D200489A2A /* DetailListCoordinator.m */; };
		19663D051E53888D00489A2A /* DetailViewModel.m in Sources */ = {isa = PBXBuildFile; fileRef = 19663D041E53888D00489A2A /* DetailViewModel.m */; };
		19663D071E538D4B00489A2A /* DetailViewController.m in Sources */ = {isa = PBXBuildFile; fileRef = 19663D061E538D4B00489A2A /* DetailViewController.m */; };
		19663D0A1E53C4F200489A2A /* DetailCell.m in Sources */ = {isa = PBXBuildFile; fileRef = 19663D091E53C4F200489A2A /* DetailCell.m */; };
		197235141E43197300393D1D /* main.m in Sources */ = {isa = PBXBuildFile; fileRef = 197235131E43197300393D1D /* main.m */; };
		197235171E43197300393D1D /* AppDelegate.m in Sources */ = {isa = PBXBuildFile; fileRef = 197235161E43197300393D1D /* AppDelegate.m */; };
		1972351D1E43197300393D1D /* Main.storyboard in Resources */ = {isa = PBXBuildFile; fileRef = 1972351B1E43197300393D1D /* Main.storyboard */; };
		1972351F1E43197300393D1D /* Assets.xcassets in Resources */ = {isa = PBXBuildFile; fileRef = 1972351E1E43197300393D1D /* Assets.xcassets */; };
		197235221E43197300393D1D /* LaunchScreen.storyboard in Resources */ = {isa = PBXBuildFile; fileRef = 197235201E43197300393D1D /* LaunchScreen.storyboard */; };
		197235311E43859A00393D1D /* Podfile in Resources */ = {isa = PBXBuildFile; fileRef = 197235301E43859A00393D1D /* Podfile */; };
		197235351E44828200393D1D /* AppCoordinator.m in Sources */ = {isa = PBXBuildFile; fileRef = 197235341E44828200393D1D /* AppCoordinator.m */; };
		197235381E44937C00393D1D /* SplashCoordinator.m in Sources */ = {isa = PBXBuildFile; fileRef = 197235371E44937C00393D1D /* SplashCoordinator.m */; };
		1972353B1E449A5B00393D1D /* SplashViewModel.m in Sources */ = {isa = PBXBuildFile; fileRef = 1972353A1E449A5B00393D1D /* SplashViewModel.m */; };
		1972353E1E44B5F200393D1D /* SplashViewController.m in Sources */ = {isa = PBXBuildFile; fileRef = 1972353D1E44B5F200393D1D /* SplashViewController.m */; };
		197235401E48608400393D1D /* WeatherRssFeedService.m in Sources */ = {isa = PBXBuildFile; fileRef = 1972353F1E48608400393D1D /* WeatherRssFeedService.m */; };
		197235491E48A17A00393D1D /* WeatherDataManager.m in Sources */ = {isa = PBXBuildFile; fileRef = 197235481E48A17A00393D1D /* WeatherDataManager.m */; };
		1972354B1E48BDC100393D1D /* Place.m in Sources */ = {isa = PBXBuildFile; fileRef = 1972354A1E48BDC100393D1D /* Place.m */; };
		1972354D1E48BE0B00393D1D /* Forecast.m in Sources */ = {isa = PBXBuildFile; fileRef = 1972354C1E48BE0B00393D1D /* Forecast.m */; };
		1972354F1E48BE5F00393D1D /* ForecastDate.m in Sources */ = {isa = PBXBuildFile; fileRef = 1972354E1E48BE5F00393D1D /* ForecastDate.m */; };
		197235511E48BE8D00393D1D /* Wind.m in Sources */ = {isa = PBXBuildFile; fileRef = 197235501E48BE8D00393D1D /* Wind.m */; };
		197235531E48BEC700393D1D /* Forecasts.m in Sources */ = {isa = PBXBuildFile; fileRef = 197235521E48BEC700393D1D /* Forecasts.m */; };
		53D3EE7697BC8EEE42825145 /* libPods-WeatherObj.a in Frameworks */ = {isa = PBXBuildFile; fileRef = 2A89E0F9715B52DB84AE3450 /* libPods-WeatherObj.a */; };
/* End PBXBuildFile section */

/* Begin PBXFileReference section */
		194E94F51E49C76C00D39C75 /* NavigationControllerCoordinator.h */ = {isa = PBXFileReference; lastKnownFileType = sourcecode.c.h; name = NavigationControllerCoordinator.h; path = Controllers/NavigationController/NavigationControllerCoordinator.h; sourceTree = "<group>"; };
		194E94F61E49CB9800D39C75 /* TableViewCoordinator.h */ = {isa = PBXFileReference; lastKnownFileType = sourcecode.c.h; name = TableViewCoordinator.h; path = Controllers/ForecastList/TableViewCoordinator.h; sourceTree = "<group>"; };
		194E94F71E49CCCC00D39C75 /* TableViewModel.h */ = {isa = PBXFileReference; lastKnownFileType = sourcecode.c.h; name = TableViewModel.h; path = Controllers/ForecastList/TableViewModel.h; sourceTree = "<group>"; };
		194E94F81E49D17F00D39C75 /* ForecastListViewController.h */ = {isa = PBXFileReference; lastKnownFileType = sourcecode.c.h; name = ForecastListViewController.h; path = Controllers/ForecastList/ForecastListViewController.h; sourceTree = "<group>"; };
		194E94F91E49D57800D39C75 /* TableViewCoordinator.m */ = {isa = PBXFileReference; fileEncoding = 4; lastKnownFileType = sourcecode.c.objc; name = TableViewCoordinator.m; path = Controllers/ForecastList/TableViewCoordinator.m; sourceTree = "<group>"; };
		194E94FB1E49D89400D39C75 /* TableViewModel.m */ = {isa = PBXFileReference; fileEncoding = 4; lastKnownFileType = sourcecode.c.objc; name = TableViewModel.m; path = Controllers/ForecastList/TableViewModel.m; sourceTree = "<group>"; };
		194E94FD1E49DA4600D39C75 /* ForecastListViewController.m */ = {isa = PBXFileReference; fileEncoding = 4; lastKnownFileType = sourcecode.c.objc; name = ForecastListViewController.m; path = Controllers/ForecastList/ForecastListViewController.m; sourceTree = "<group>"; };
		194E94FF1E49DB1000D39C75 /* NavigationControllerCoordinator.m */ = {isa = PBXFileReference; fileEncoding = 4; lastKnownFileType = sourcecode.c.objc; name = NavigationControllerCoordinator.m; path = Controllers/NavigationController/NavigationControllerCoordinator.m; sourceTree = "<group>"; };
		194E95021E49E39400D39C75 /* UIColorExtension.m */ = {isa = PBXFileReference; fileEncoding = 4; lastKnownFileType = sourcecode.c.objc; name = UIColorExtension.m; path = Extensions/UIColorExtension.m; sourceTree = "<group>"; };
		194E95051E49E70D00D39C75 /* UIColorExtension.h */ = {isa = PBXFileReference; lastKnownFileType = sourcecode.c.h; name = UIColorExtension.h; path = Extensions/UIColorExtension.h; sourceTree = "<group>"; };
		194E95061E4A0A8500D39C75 /* FirstWeatherCell.h */ = {isa = PBXFileReference; lastKnownFileType = sourcecode.c.h; name = FirstWeatherCell.h; path = Controllers/ForecastList/FirstWeatherCell.h; sourceTree = "<group>"; };
		194E95071E4A0AF400D39C75 /* FirstWeatherCell.m */ = {isa = PBXFileReference; fileEncoding = 4; lastKnownFileType = sourcecode.c.objc; name = FirstWeatherCell.m; path = Controllers/ForecastList/FirstWeatherCell.m; sourceTree = "<group>"; };
		194E95091E4A10B000D39C75 /* WeatherCell.h */ = {isa = PBXFileReference; lastKnownFileType = sourcecode.c.h; name = WeatherCell.h; path = Controllers/ForecastList/WeatherCell.h; sourceTree = "<group>"; };
		194E950A1E4A10DB00D39C75 /* WeatherCell.m */ = {isa = PBXFileReference; fileEncoding = 4; lastKnownFileType = sourcecode.c.objc; name = WeatherCell.m; path = Controllers/ForecastList/WeatherCell.m; sourceTree = "<group>"; };
		19663CFF1E5381A700489A2A /* DetailListCoordinator.h */ = {isa = PBXFileReference; lastKnownFileType = sourcecode.c.h; name = DetailListCoordinator.h; path = Controllers/DetailList/DetailListCoordinator.h; sourceTree = "<group>"; };
		19663D001E5382D200489A2A /* DetailListCoordinator.m */ = {isa = PBXFileReference; fileEncoding = 4; lastKnownFileType = sourcecode.c.objc; name = DetailListCoordinator.m; path = Controllers/DetailList/DetailListCoordinator.m; sourceTree = "<group>"; };
		19663D021E53849A00489A2A /* DetailViewModel.h */ = {isa = PBXFileReference; lastKnownFileType = sourcecode.c.h; name = DetailViewModel.h; path = Controllers/DetailList/DetailViewModel.h; sourceTree = "<group>"; };
		19663D031E53854500489A2A /* DetailViewController.h */ = {isa = PBXFileReference; lastKnownFileType = sourcecode.c.h; name = DetailViewController.h; path = Controllers/DetailList/DetailViewController.h; sourceTree = "<group>"; };
		19663D041E53888D00489A2A /* DetailViewModel.m */ = {isa = PBXFileReference; fileEncoding = 4; lastKnownFileType = sourcecode.c.objc; name = DetailViewModel.m; path = Controllers/DetailList/DetailViewModel.m; sourceTree = "<group>"; };
		19663D061E538D4B00489A2A /* DetailViewController.m */ = {isa = PBXFileReference; fileEncoding = 4; lastKnownFileType = sourcecode.c.objc; name = DetailViewController.m; path = Controllers/DetailList/DetailViewController.m; sourceTree = "<group>"; };
		19663D081E53B6B100489A2A /* DetailCell.h */ = {isa = PBXFileReference; lastKnownFileType = sourcecode.c.h; name = DetailCell.h; path = Controllers/DetailList/DetailCell.h; sourceTree = "<group>"; };
		19663D091E53C4F200489A2A /* DetailCell.m */ = {isa = PBXFileReference; fileEncoding = 4; lastKnownFileType = sourcecode.c.objc; name = DetailCell.m; path = Controllers/DetailList/DetailCell.m; sourceTree = "<group>"; };
		1972350F1E43197300393D1D /* WeatherObj.app */ = {isa = PBXFileReference; explicitFileType = wrapper.application; includeInIndex = 0; path = WeatherObj.app; sourceTree = BUILT_PRODUCTS_DIR; };
		197235131E43197300393D1D /* main.m */ = {isa = PBXFileReference; lastKnownFileType = sourcecode.c.objc; path = main.m; sourceTree = "<group>"; };
		197235151E43197300393D1D /* AppDelegate.h */ = {isa = PBXFileReference; lastKnownFileType = sourcecode.c.h; path = AppDelegate.h; sourceTree = "<group>"; };
		197235161E43197300393D1D /* AppDelegate.m */ = {isa = PBXFileReference; lastKnownFileType = sourcecode.c.objc; path = AppDelegate.m; sourceTree = "<group>"; };
		1972351C1E43197300393D1D /* Base */ = {isa = PBXFileReference; lastKnownFileType = file.storyboard; name = Base; path = Base.lproj/Main.storyboard; sourceTree = "<group>"; };
		1972351E1E43197300393D1D /* Assets.xcassets */ = {isa = PBXFileReference; lastKnownFileType = folder.assetcatalog; path = Assets.xcassets; sourceTree = "<group>"; };
		197235211E43197300393D1D /* Base */ = {isa = PBXFileReference; lastKnownFileType = file.storyboard; name = Base; path = Base.lproj/LaunchScreen.storyboard; sourceTree = "<group>"; };
		197235231E43197300393D1D /* Info.plist */ = {isa = PBXFileReference; lastKnownFileType = text.plist.xml; path = Info.plist; sourceTree = "<group>"; };
		197235301E43859A00393D1D /* Podfile */ = {isa = PBXFileReference; fileEncoding = 4; lastKnownFileType = text; path = Podfile; sourceTree = "<group>"; xcLanguageSpecificationIdentifier = xcode.lang.ruby; };
		197235321E43933400393D1D /* Coordinator.h */ = {isa = PBXFileReference; lastKnownFileType = sourcecode.c.h; path = Coordinator.h; sourceTree = "<group>"; };
		197235331E4475E200393D1D /* AppCoordinator.h */ = {isa = PBXFileReference; lastKnownFileType = sourcecode.c.h; path = AppCoordinator.h; sourceTree = "<group>"; };
		197235341E44828200393D1D /* AppCoordinator.m */ = {isa = PBXFileReference; fileEncoding = 4; lastKnownFileType = sourcecode.c.objc; path = AppCoordinator.m; sourceTree = "<group>"; };
		197235361E44911C00393D1D /* SplashCoordinator.h */ = {isa = PBXFileReference; lastKnownFileType = sourcecode.c.h; name = SplashCoordinator.h; path = Controllers/SplashScreen/SplashCoordinator.h; sourceTree = "<group>"; };
		197235371E44937C00393D1D /* SplashCoordinator.m */ = {isa = PBXFileReference; fileEncoding = 4; lastKnownFileType = sourcecode.c.objc; name = SplashCoordinator.m; path = Controllers/SplashScreen/SplashCoordinator.m; sourceTree = "<group>"; };
		197235391E4496C400393D1D /* SplashViewModel.h */ = {isa = PBXFileReference; lastKnownFileType = sourcecode.c.h; name = SplashViewModel.h; path = Controllers/SplashScreen/SplashViewModel.h; sourceTree = "<group>"; };
		1972353A1E449A5B00393D1D /* SplashViewModel.m */ = {isa = PBXFileReference; fileEncoding = 4; lastKnownFileType = sourcecode.c.objc; name = SplashViewModel.m; path = Controllers/SplashScreen/SplashViewModel.m; sourceTree = "<group>"; };
		1972353C1E44A1D600393D1D /* SplashViewController.h */ = {isa = PBXFileReference; lastKnownFileType = sourcecode.c.h; name = SplashViewController.h; path = Controllers/SplashScreen/SplashViewController.h; sourceTree = "<group>"; };
		1972353D1E44B5F200393D1D /* SplashViewController.m */ = {isa = PBXFileReference; fileEncoding = 4; lastKnownFileType = sourcecode.c.objc; name = SplashViewController.m; path = Controllers/SplashScreen/SplashViewController.m; sourceTree = "<group>"; };
		1972353F1E48608400393D1D /* WeatherRssFeedService.m */ = {isa = PBXFileReference; fileEncoding = 4; lastKnownFileType = sourcecode.c.objc; name = WeatherRssFeedService.m; path = Services/WeatherRssFeedService.m; sourceTree = "<group>"; };
		197235411E48684800393D1D /* WeatherRssFeedService.h */ = {isa = PBXFileReference; lastKnownFileType = sourcecode.c.h; name = WeatherRssFeedService.h; path = Services/WeatherRssFeedService.h; sourceTree = "<group>"; };
		197235421E486B2100393D1D /* Forecast.h */ = {isa = PBXFileReference; lastKnownFileType = sourcecode.c.h; name = Forecast.h; path = Models/Forecast.h; sourceTree = "<group>"; };
		197235431E486CEF00393D1D /* ForecastDate.h */ = {isa = PBXFileReference; lastKnownFileType = sourcecode.c.h; name = ForecastDate.h; path = Models/ForecastDate.h; sourceTree = "<group>"; };
		197235441E48765E00393D1D /* Forecasts.h */ = {isa = PBXFileReference; lastKnownFileType = sourcecode.c.h; name = Forecasts.h; path = Models/Forecasts.h; sourceTree = "<group>"; };
		197235451E48770E00393D1D /* Place.h */ = {isa = PBXFileReference; lastKnownFileType = sourcecode.c.h; name = Place.h; path = Models/Place.h; sourceTree = "<group>"; };
		197235461E48783500393D1D /* Wind.h */ = {isa = PBXFileReference; lastKnownFileType = sourcecode.c.h; name = Wind.h; path = Models/Wind.h; sourceTree = "<group>"; };
		197235471E4883FB00393D1D /* WeatherDataManager.h */ = {isa = PBXFileReference; lastKnownFileType = sourcecode.c.h; name = WeatherDataManager.h; path = Utility/WeatherDataManager.h; sourceTree = "<group>"; };
		197235481E48A17A00393D1D /* WeatherDataManager.m */ = {isa = PBXFileReference; fileEncoding = 4; lastKnownFileType = sourcecode.c.objc; name = WeatherDataManager.m; path = Utility/WeatherDataManager.m; sourceTree = "<group>"; };
		1972354A1E48BDC100393D1D /* Place.m */ = {isa = PBXFileReference; fileEncoding = 4; lastKnownFileType = sourcecode.c.objc; name = Place.m; path = Models/Place.m; sourceTree = "<group>"; };
		1972354C1E48BE0B00393D1D /* Forecast.m */ = {isa = PBXFileReference; fileEncoding = 4; lastKnownFileType = sourcecode.c.objc; name = Forecast.m; path = Models/Forecast.m; sourceTree = "<group>"; };
		1972354E1E48BE5F00393D1D /* ForecastDate.m */ = {isa = PBXFileReference; fileEncoding = 4; lastKnownFileType = sourcecode.c.objc; name = ForecastDate.m; path = Models/ForecastDate.m; sourceTree = "<group>"; };
		197235501E48BE8D00393D1D /* Wind.m */ = {isa = PBXFileReference; fileEncoding = 4; lastKnownFileType = sourcecode.c.objc; name = Wind.m; path = Models/Wind.m; sourceTree = "<group>"; };
		197235521E48BEC700393D1D /* Forecasts.m */ = {isa = PBXFileReference; fileEncoding = 4; lastKnownFileType = sourcecode.c.objc; name = Forecasts.m; path = Models/Forecasts.m; sourceTree = "<group>"; };
		2A89E0F9715B52DB84AE3450 /* libPods-WeatherObj.a */ = {isa = PBXFileReference; explicitFileType = archive.ar; includeInIndex = 0; path = "libPods-WeatherObj.a"; sourceTree = BUILT_PRODUCTS_DIR; };
		59010F7A99B5009A07B1B605 /* Pods-WeatherObj.debug.xcconfig */ = {isa = PBXFileReference; includeInIndex = 1; lastKnownFileType = text.xcconfig; name = "Pods-WeatherObj.debug.xcconfig"; path = "Pods/Target Support Files/Pods-WeatherObj/Pods-WeatherObj.debug.xcconfig"; sourceTree = "<group>"; };
		E85AE13452D75E9FA34A35F4 /* Pods-WeatherObj.release.xcconfig */ = {isa = PBXFileReference; includeInIndex = 1; lastKnownFileType = text.xcconfig; name = "Pods-WeatherObj.release.xcconfig"; path = "Pods/Target Support Files/Pods-WeatherObj/Pods-WeatherObj.release.xcconfig"; sourceTree = "<group>"; };
/* End PBXFileReference section */

/* Begin PBXFrameworksBuildPhase section */
		1972350C1E43197200393D1D /* Frameworks */ = {
			isa = PBXFrameworksBuildPhase;
			buildActionMask = 2147483647;
			files = (
				53D3EE7697BC8EEE42825145 /* libPods-WeatherObj.a in Frameworks */,
			);
			runOnlyForDeploymentPostprocessing = 0;
		};
/* End PBXFrameworksBuildPhase section */

/* Begin PBXGroup section */
		194E95011E49E2E800D39C75 /* Extensions */ = {
			isa = PBXGroup;
			children = (
				194E95021E49E39400D39C75 /* UIColorExtension.m */,
				194E95051E49E70D00D39C75 /* UIColorExtension.h */,
			);
			name = Extensions;
			sourceTree = "<group>";
		};
		19663CFE1E53810D00489A2A /* DetailsList */ = {
			isa = PBXGroup;
			children = (
				19663CFF1E5381A700489A2A /* DetailListCoordinator.h */,
				19663D001E5382D200489A2A /* DetailListCoordinator.m */,
				19663D021E53849A00489A2A /* DetailViewModel.h */,
				19663D031E53854500489A2A /* DetailViewController.h */,
				19663D041E53888D00489A2A /* DetailViewModel.m */,
				19663D061E538D4B00489A2A /* DetailViewController.m */,
				19663D081E53B6B100489A2A /* DetailCell.h */,
				19663D091E53C4F200489A2A /* DetailCell.m */,
			);
			name = DetailsList;
			sourceTree = "<group>";
		};
		197235061E43197200393D1D = {
			isa = PBXGroup;
			children = (
				197235301E43859A00393D1D /* Podfile */,
				197235111E43197300393D1D /* WeatherObj */,
				197235101E43197300393D1D /* Products */,
				754267FCA1D9171EFB77AF15 /* Pods */,
				81D8CAB17DC9C8D51F8869AA /* Frameworks */,
			);
			sourceTree = "<group>";
		};
		197235101E43197300393D1D /* Products */ = {
			isa = PBXGroup;
			children = (
				1972350F1E43197300393D1D /* WeatherObj.app */,
			);
			name = Products;
			sourceTree = "<group>";
		};
		197235111E43197300393D1D /* WeatherObj */ = {
			isa = PBXGroup;
			children = (
				194E95011E49E2E800D39C75 /* Extensions */,
				1972352C1E4380E700393D1D /* Utility */,
				1972352B1E4380DB00393D1D /* Services */,
				1972352A1E4380D300393D1D /* Models */,
				197235291E43809A00393D1D /* Controllers */,
				197235151E43197300393D1D /* AppDelegate.h */,
				197235161E43197300393D1D /* AppDelegate.m */,
				1972351B1E43197300393D1D /* Main.storyboard */,
				1972351E1E43197300393D1D /* Assets.xcassets */,
				197235201E43197300393D1D /* LaunchScreen.storyboard */,
				197235231E43197300393D1D /* Info.plist */,
				197235121E43197300393D1D /* Supporting Files */,
				197235321E43933400393D1D /* Coordinator.h */,
				197235331E4475E200393D1D /* AppCoordinator.h */,
				197235341E44828200393D1D /* AppCoordinator.m */,
			);
			path = WeatherObj;
			sourceTree = "<group>";
		};
		197235121E43197300393D1D /* Supporting Files */ = {
			isa = PBXGroup;
			children = (
				197235131E43197300393D1D /* main.m */,
			);
			name = "Supporting Files";
			sourceTree = "<group>";
		};
		197235291E43809A00393D1D /* Controllers */ = {
			isa = PBXGroup;
			children = (
				19663CFE1E53810D00489A2A /* DetailsList */,
				1972352F1E43845E00393D1D /* SplashScreen */,
				1972352E1E43845200393D1D /* NavigationController */,
				1972352D1E43810300393D1D /* ForecastList */,
			);
			name = Controllers;
			sourceTree = "<group>";
		};
		1972352A1E4380D300393D1D /* Models */ = {
			isa = PBXGroup;
			children = (
				197235421E486B2100393D1D /* Forecast.h */,
				197235431E486CEF00393D1D /* ForecastDate.h */,
				197235441E48765E00393D1D /* Forecasts.h */,
				197235451E48770E00393D1D /* Place.h */,
				197235461E48783500393D1D /* Wind.h */,
				1972354A1E48BDC100393D1D /* Place.m */,
				1972354C1E48BE0B00393D1D /* Forecast.m */,
				1972354E1E48BE5F00393D1D /* ForecastDate.m */,
				197235501E48BE8D00393D1D /* Wind.m */,
				197235521E48BEC700393D1D /* Forecasts.m */,
			);
			name = Models;
			sourceTree = "<group>";
		};
		1972352B1E4380DB00393D1D /* Services */ = {
			isa = PBXGroup;
			children = (
				1972353F1E48608400393D1D /* WeatherRssFeedService.m */,
				197235411E48684800393D1D /* WeatherRssFeedService.h */,
			);
			name = Services;
			sourceTree = "<group>";
		};
		1972352C1E4380E700393D1D /* Utility */ = {
			isa = PBXGroup;
			children = (
				197235471E4883FB00393D1D /* WeatherDataManager.h */,
				197235481E48A17A00393D1D /* WeatherDataManager.m */,
			);
			name = Utility;
			sourceTree = "<group>";
		};
		1972352D1E43810300393D1D /* ForecastList */ = {
			isa = PBXGroup;
			children = (
				194E94F61E49CB9800D39C75 /* TableViewCoordinator.h */,
				194E94F71E49CCCC00D39C75 /* TableViewModel.h */,
				194E94F81E49D17F00D39C75 /* ForecastListViewController.h */,
				194E94F91E49D57800D39C75 /* TableViewCoordinator.m */,
				194E94FB1E49D89400D39C75 /* TableViewModel.m */,
				194E94FD1E49DA4600D39C75 /* ForecastListViewController.m */,
				194E95061E4A0A8500D39C75 /* FirstWeatherCell.h */,
				194E95071E4A0AF400D39C75 /* FirstWeatherCell.m */,
				194E95091E4A10B000D39C75 /* WeatherCell.h */,
				194E950A1E4A10DB00D39C75 /* WeatherCell.m */,
			);
			name = ForecastList;
			sourceTree = "<group>";
		};
		1972352E1E43845200393D1D /* NavigationController */ = {
			isa = PBXGroup;
			children = (
				194E94F51E49C76C00D39C75 /* NavigationControllerCoordinator.h */,
				194E94FF1E49DB1000D39C75 /* NavigationControllerCoordinator.m */,
			);
			name = NavigationController;
			sourceTree = "<group>";
		};
		1972352F1E43845E00393D1D /* SplashScreen */ = {
			isa = PBXGroup;
			children = (
				197235361E44911C00393D1D /* SplashCoordinator.h */,
				197235371E44937C00393D1D /* SplashCoordinator.m */,
				197235391E4496C400393D1D /* SplashViewModel.h */,
				1972353A1E449A5B00393D1D /* SplashViewModel.m */,
				1972353C1E44A1D600393D1D /* SplashViewController.h */,
				1972353D1E44B5F200393D1D /* SplashViewController.m */,
			);
			name = SplashScreen;
			sourceTree = "<group>";
		};
		754267FCA1D9171EFB77AF15 /* Pods */ = {
			isa = PBXGroup;
			children = (
				59010F7A99B5009A07B1B605 /* Pods-WeatherObj.debug.xcconfig */,
				E85AE13452D75E9FA34A35F4 /* Pods-WeatherObj.release.xcconfig */,
			);
			name = Pods;
			sourceTree = "<group>";
		};
		81D8CAB17DC9C8D51F8869AA /* Frameworks */ = {
			isa = PBXGroup;
			children = (
				2A89E0F9715B52DB84AE3450 /* libPods-WeatherObj.a */,
			);
			name = Frameworks;
			sourceTree = "<group>";
		};
/* End PBXGroup section */

/* Begin PBXNativeTarget section */
		1972350E1E43197200393D1D /* WeatherObj */ = {
			isa = PBXNativeTarget;
			buildConfigurationList = 197235261E43197300393D1D /* Build configuration list for PBXNativeTarget "WeatherObj" */;
			buildPhases = (
				711D0EA78030C4EE213C5CD6 /* [CP] Check Pods Manifest.lock */,
				1972350B1E43197200393D1D /* Sources */,
				1972350C1E43197200393D1D /* Frameworks */,
				1972350D1E43197200393D1D /* Resources */,
				1BF622E4EE661DE25D761E6A /* [CP] Embed Pods Frameworks */,
				B35E35D482B0DB4FE40BDC0C /* [CP] Copy Pods Resources */,
			);
			buildRules = (
			);
			dependencies = (
			);
			name = WeatherObj;
			productName = WeatherObj;
			productReference = 1972350F1E43197300393D1D /* WeatherObj.app */;
			productType = "com.apple.product-type.application";
		};
/* End PBXNativeTarget section */

/* Begin PBXProject section */
		197235071E43197200393D1D /* Project object */ = {
			isa = PBXProject;
			attributes = {
				LastUpgradeCheck = 0820;
				ORGANIZATIONNAME = MC_test;
				TargetAttributes = {
					1972350E1E43197200393D1D = {
						CreatedOnToolsVersion = 8.2.1;
						DevelopmentTeam = PV5T7WC836;
						ProvisioningStyle = Automatic;
					};
				};
			};
			buildConfigurationList = 1972350A1E43197200393D1D /* Build configuration list for PBXProject "WeatherObj" */;
			compatibilityVersion = "Xcode 3.2";
			developmentRegion = English;
			hasScannedForEncodings = 0;
			knownRegions = (
				en,
				Base,
			);
			mainGroup = 197235061E43197200393D1D;
			productRefGroup = 197235101E43197300393D1D /* Products */;
			projectDirPath = "";
			projectRoot = "";
			targets = (
				1972350E1E43197200393D1D /* WeatherObj */,
			);
		};
/* End PBXProject section */

/* Begin PBXResourcesBuildPhase section */
		1972350D1E43197200393D1D /* Resources */ = {
			isa = PBXResourcesBuildPhase;
			buildActionMask = 2147483647;
			files = (
				197235221E43197300393D1D /* LaunchScreen.storyboard in Resources */,
				1972351F1E43197300393D1D /* Assets.xcassets in Resources */,
				197235311E43859A00393D1D /* Podfile in Resources */,
				1972351D1E43197300393D1D /* Main.storyboard in Resources */,
			);
			runOnlyForDeploymentPostprocessing = 0;
		};
/* End PBXResourcesBuildPhase section */

/* Begin PBXShellScriptBuildPhase section */
		1BF622E4EE661DE25D761E6A /* [CP] Embed Pods Frameworks */ = {
			isa = PBXShellScriptBuildPhase;
			buildActionMask = 2147483647;
			files = (
			);
			inputPaths = (
			);
			name = "[CP] Embed Pods Frameworks";
			outputPaths = (
			);
			runOnlyForDeploymentPostprocessing = 0;
			shellPath = /bin/sh;
			shellScript = "\"${SRCROOT}/Pods/Target Support Files/Pods-WeatherObj/Pods-WeatherObj-frameworks.sh\"\n";
			showEnvVarsInLog = 0;
		};
		711D0EA78030C4EE213C5CD6 /* [CP] Check Pods Manifest.lock */ = {
			isa = PBXShellScriptBuildPhase;
			buildActionMask = 2147483647;
			files = (
			);
			inputPaths = (
			);
			name = "[CP] Check Pods Manifest.lock";
			outputPaths = (
			);
			runOnlyForDeploymentPostprocessing = 0;
			shellPath = /bin/sh;
			shellScript = "diff \"${PODS_ROOT}/../Podfile.lock\" \"${PODS_ROOT}/Manifest.lock\" > /dev/null\nif [ $? != 0 ] ; then\n    # print error to STDERR\n    echo \"error: The sandbox is not in sync with the Podfile.lock. Run 'pod install' or update your CocoaPods installation.\" >&2\n    exit 1\nfi\n";
			showEnvVarsInLog = 0;
		};
		B35E35D482B0DB4FE40BDC0C /* [CP] Copy Pods Resources */ = {
			isa = PBXShellScriptBuildPhase;
			buildActionMask = 2147483647;
			files = (
			);
			inputPaths = (
			);
			name = "[CP] Copy Pods Resources";
			outputPaths = (
			);
			runOnlyForDeploymentPostprocessing = 0;
			shellPath = /bin/sh;
			shellScript = "\"${SRCROOT}/Pods/Target Support Files/Pods-WeatherObj/Pods-WeatherObj-resources.sh\"\n";
			showEnvVarsInLog = 0;
		};
/* End PBXShellScriptBuildPhase section */

/* Begin PBXSourcesBuildPhase section */
		1972350B1E43197200393D1D /* Sources */ = {
			isa = PBXSourcesBuildPhase;
			buildActionMask = 2147483647;
			files = (
				197235351E44828200393D1D /* AppCoordinator.m in Sources */,
				19663D011E5382D200489A2A /* DetailListCoordinator.m in Sources */,
				19663D0A1E53C4F200489A2A /* DetailCell.m in Sources */,
				19663D071E538D4B00489A2A /* DetailViewController.m in Sources */,
				194E95031E49E39400D39C75 /* UIColorExtension.m in Sources */,
				194E95001E49DB1000D39C75 /* NavigationControllerCoordinator.m in Sources */,
				1972353E1E44B5F200393D1D /* SplashViewController.m in Sources */,
				1972354D1E48BE0B00393D1D /* Forecast.m in Sources */,
				194E95081E4A0AF400D39C75 /* FirstWeatherCell.m in Sources */,
				1972353B1E449A5B00393D1D /* SplashViewModel.m in Sources */,
				197235401E48608400393D1D /* WeatherRssFeedService.m in Sources */,
				197235491E48A17A00393D1D /* WeatherDataManager.m in Sources */,
				194E94FA1E49D57800D39C75 /* TableViewCoordinator.m in Sources */,
				197235381E44937C00393D1D /* SplashCoordinator.m in Sources */,
				197235511E48BE8D00393D1D /* Wind.m in Sources */,
				194E950B1E4A10DB00D39C75 /* WeatherCell.m in Sources */,
				194E94FE1E49DA4600D39C75 /* ForecastListViewController.m in Sources */,
				19663D051E53888D00489A2A /* DetailViewModel.m in Sources */,
				1972354B1E48BDC100393D1D /* Place.m in Sources */,
				197235531E48BEC700393D1D /* Forecasts.m in Sources */,
				1972354F1E48BE5F00393D1D /* ForecastDate.m in Sources */,
				194E94FC1E49D89400D39C75 /* TableViewModel.m in Sources */,
				197235171E43197300393D1D /* AppDelegate.m in Sources */,
				197235141E43197300393D1D /* main.m in Sources */,
			);
			runOnlyForDeploymentPostprocessing = 0;
		};
/* End PBXSourcesBuildPhase section */

/* Begin PBXVariantGroup section */
		1972351B1E43197300393D1D /* Main.storyboard */ = {
			isa = PBXVariantGroup;
			children = (
				1972351C1E43197300393D1D /* Base */,
			);
			name = Main.storyboard;
			sourceTree = "<group>";
		};
		197235201E43197300393D1D /* LaunchScreen.storyboard */ = {
			isa = PBXVariantGroup;
			children = (
				197235211E43197300393D1D /* Base */,
			);
			name = LaunchScreen.storyboard;
			sourceTree = "<group>";
		};
/* End PBXVariantGroup section */

/* Begin XCBuildConfiguration section */
		197235241E43197300393D1D /* Debug */ = {
			isa = XCBuildConfiguration;
			buildSettings = {
				ALWAYS_SEARCH_USER_PATHS = NO;
				CLANG_ANALYZER_NONNULL = YES;
				CLANG_CXX_LANGUAGE_STANDARD = "gnu++0x";
				CLANG_CXX_LIBRARY = "libc++";
				CLANG_ENABLE_MODULES = YES;
				CLANG_ENABLE_OBJC_ARC = YES;
				CLANG_WARN_BOOL_CONVERSION = YES;
				CLANG_WARN_CONSTANT_CONVERSION = YES;
				CLANG_WARN_DIRECT_OBJC_ISA_USAGE = YES_ERROR;
				CLANG_WARN_DOCUMENTATION_COMMENTS = YES;
				CLANG_WARN_EMPTY_BODY = YES;
				CLANG_WARN_ENUM_CONVERSION = YES;
				CLANG_WARN_INFINITE_RECURSION = YES;
				CLANG_WARN_INT_CONVERSION = YES;
				CLANG_WARN_OBJC_ROOT_CLASS = YES_ERROR;
				CLANG_WARN_SUSPICIOUS_MOVE = YES;
				CLANG_WARN_UNREACHABLE_CODE = YES;
				CLANG_WARN__DUPLICATE_METHOD_MATCH = YES;
				"CODE_SIGN_IDENTITY[sdk=iphoneos*]" = "iPhone Developer";
				COPY_PHASE_STRIP = NO;
				DEBUG_INFORMATION_FORMAT = dwarf;
				ENABLE_STRICT_OBJC_MSGSEND = YES;
				ENABLE_TESTABILITY = YES;
				GCC_C_LANGUAGE_STANDARD = gnu99;
				GCC_DYNAMIC_NO_PIC = NO;
				GCC_NO_COMMON_BLOCKS = YES;
				GCC_OPTIMIZATION_LEVEL = 0;
				GCC_PREPROCESSOR_DEFINITIONS = (
					"DEBUG=1",
					"$(inherited)",
				);
				GCC_WARN_64_TO_32_BIT_CONVERSION = YES;
				GCC_WARN_ABOUT_RETURN_TYPE = YES_ERROR;
				GCC_WARN_UNDECLARED_SELECTOR = YES;
				GCC_WARN_UNINITIALIZED_AUTOS = YES_AGGRESSIVE;
				GCC_WARN_UNUSED_FUNCTION = YES;
				GCC_WARN_UNUSED_VARIABLE = YES;
				IPHONEOS_DEPLOYMENT_TARGET = 10.2;
				MTL_ENABLE_DEBUG_INFO = YES;
				ONLY_ACTIVE_ARCH = YES;
				SDKROOT = iphoneos;
			};
			name = Debug;
		};
		197235251E43197300393D1D /* Release */ = {
			isa = XCBuildConfiguration;
			buildSettings = {
				ALWAYS_SEARCH_USER_PATHS = NO;
				CLANG_ANALYZER_NONNULL = YES;
				CLANG_CXX_LANGUAGE_STANDARD = "gnu++0x";
				CLANG_CXX_LIBRARY = "libc++";
				CLANG_ENABLE_MODULES = YES;
				CLANG_ENABLE_OBJC_ARC = YES;
				CLANG_WARN_BOOL_CONVERSION = YES;
				CLANG_WARN_CONSTANT_CONVERSION = YES;
				CLANG_WARN_DIRECT_OBJC_ISA_USAGE = YES_ERROR;
				CLANG_WARN_DOCUMENTATION_COMMENTS = YES;
				CLANG_WARN_EMPTY_BODY = YES;
				CLANG_WARN_ENUM_CONVERSION = YES;
				CLANG_WARN_INFINITE_RECURSION = YES;
				CLANG_WARN_INT_CONVERSION = YES;
				CLANG_WARN_OBJC_ROOT_CLASS = YES_ERROR;
				CLANG_WARN_SUSPICIOUS_MOVE = YES;
				CLANG_WARN_UNREACHABLE_CODE = YES;
				CLANG_WARN__DUPLICATE_METHOD_MATCH = YES;
				"CODE_SIGN_IDENTITY[sdk=iphoneos*]" = "iPhone Developer";
				COPY_PHASE_STRIP = NO;
				DEBUG_INFORMATION_FORMAT = "dwarf-with-dsym";
				ENABLE_NS_ASSERTIONS = NO;
				ENABLE_STRICT_OBJC_MSGSEND = YES;
				GCC_C_LANGUAGE_STANDARD = gnu99;
				GCC_NO_COMMON_BLOCKS = YES;
				GCC_WARN_64_TO_32_BIT_CONVERSION = YES;
				GCC_WARN_ABOUT_RETURN_TYPE = YES_ERROR;
				GCC_WARN_UNDECLARED_SELECTOR = YES;
				GCC_WARN_UNINITIALIZED_AUTOS = YES_AGGRESSIVE;
				GCC_WARN_UNUSED_FUNCTION = YES;
				GCC_WARN_UNUSED_VARIABLE = YES;
				IPHONEOS_DEPLOYMENT_TARGET = 10.2;
				MTL_ENABLE_DEBUG_INFO = NO;
				SDKROOT = iphoneos;
				VALIDATE_PRODUCT = YES;
			};
			name = Release;
		};
		197235271E43197300393D1D /* Debug */ = {
			isa = XCBuildConfiguration;
			baseConfigurationReference = 59010F7A99B5009A07B1B605 /* Pods-WeatherObj.debug.xcconfig */;
			buildSettings = {
				ASSETCATALOG_COMPILER_APPICON_NAME = AppIcon;
				DEVELOPMENT_TEAM = PV5T7WC836;
				INFOPLIST_FILE = WeatherObj/Info.plist;
				LD_RUNPATH_SEARCH_PATHS = "$(inherited) @executable_path/Frameworks";
				PRODUCT_BUNDLE_IDENTIFIER = mooncascade.com.WeatherObj;
				PRODUCT_NAME = "$(TARGET_NAME)";
			};
			name = Debug;
		};
		197235281E43197300393D1D /* Release */ = {
			isa = XCBuildConfiguration;
			baseConfigurationReference = E85AE13452D75E9FA34A35F4 /* Pods-WeatherObj.release.xcconfig */;
			buildSettings = {
				ASSETCATALOG_COMPILER_APPICON_NAME = AppIcon;
				DEVELOPMENT_TEAM = PV5T7WC836;
				INFOPLIST_FILE = WeatherObj/Info.plist;
				LD_RUNPATH_SEARCH_PATHS = "$(inherited) @executable_path/Frameworks";
				PRODUCT_BUNDLE_IDENTIFIER = mooncascade.com.WeatherObj;
				PRODUCT_NAME = "$(TARGET_NAME)";
			};
			name = Release;
		};
/* End XCBuildConfiguration section */

/* Begin XCConfigurationList section */
		1972350A1E43197200393D1D /* Build configuration list for PBXProject "WeatherObj" */ = {
			isa = XCConfigurationList;
			buildConfigurations = (
				197235241E43197300393D1D /* Debug */,
				197235251E43197300393D1D /* Release */,
			);
			defaultConfigurationIsVisible = 0;
			defaultConfigurationName = Release;
		};
		197235261E43197300393D1D /* Build configuration list for PBXNativeTarget "WeatherObj" */ = {
			isa = XCConfigurationList;
			buildConfigurations = (
				197235271E43197300393D1D /* Debug */,
				197235281E43197300393D1D /* Release */,
			);
			defaultConfigurationIsVisible = 0;
			defaultConfigurationName = Release;
		};
/* End XCConfigurationList section */
	};
	rootObject = 197235071E43197200393D1D /* Project object */;
}
